
Microsoft Visual Studio Solution File, Format Version 12.00
# Visual Studio Version 17
VisualStudioVersion = 17.4.33103.184
MinimumVisualStudioVersion = 10.0.40219.1
Project("{FAE04EC0-301F-11D3-BF4B-00C04F79EFBC}") = "cw1", "cw1\cw1.csproj", "{28C6D18A-BD54-4065-80CF-18FE268D773D}"
EndProject
Global
	GlobalSection(SolutionConfigurationPlatforms) = preSolution
		Debug|Any CPU = Debug|Any CPU
		Release|Any CPU = Release|Any CPU
	EndGlobalSection
	GlobalSection(ProjectConfigurationPlatforms) = postSolution
		{28C6D18A-BD54-4065-80CF-18FE268D773D}.Debug|Any CPU.ActiveCfg = Debug|Any CPU
		{28C6D18A-BD54-4065-80CF-18FE268D773D}.Debug|Any CPU.Build.0 = Debug|Any CPU
		{28C6D18A-BD54-4065-80CF-18FE268D773D}.Release|Any CPU.ActiveCfg = Release|Any CPU
		{28C6D18A-BD54-4065-80CF-18FE268D773D}.Release|Any CPU.Build.0 = Release|Any CPU
	EndGlobalSection
	GlobalSection(SolutionProperties) = preSolution
		HideSolutionNode = FALSE
	EndGlobalSection
	GlobalSection(ExtensibilityGlobals) = postSolution
		SolutionGuid = {61F1BA43-A92B-4CD6-B9DB-5E6B8150EB1D}
	EndGlobalSection
EndGlobal
